// !$*UTF8*$!
{
	archiveVersion = 1;
	classes = {
	};
	objectVersion = 46;
	objects = {

/* Begin PBXBuildFile section */
		9C0D82301815A46D005508F1 /* NSDateFormated.m in Sources */ = {isa = PBXBuildFile; fileRef = 9C0D822F1815A46D005508F1 /* NSDateFormated.m */; };
		9C0D82331815AB14005508F1 /* calendarViewController.m in Sources */ = {isa = PBXBuildFile; fileRef = 9C0D82321815AB14005508F1 /* calendarViewController.m */; };
		9C3801111800CC00009A79F7 /* Foundation.framework in Frameworks */ = {isa = PBXBuildFile; fileRef = 9C3801101800CC00009A79F7 /* Foundation.framework */; };
		9C3801131800CC00009A79F7 /* CoreGraphics.framework in Frameworks */ = {isa = PBXBuildFile; fileRef = 9C3801121800CC00009A79F7 /* CoreGraphics.framework */; };
		9C3801151800CC00009A79F7 /* UIKit.framework in Frameworks */ = {isa = PBXBuildFile; fileRef = 9C3801141800CC00009A79F7 /* UIKit.framework */; };
		9C38011B1800CC00009A79F7 /* InfoPlist.strings in Resources */ = {isa = PBXBuildFile; fileRef = 9C3801191800CC00009A79F7 /* InfoPlist.strings */; };
		9C38011D1800CC00009A79F7 /* main.m in Sources */ = {isa = PBXBuildFile; fileRef = 9C38011C1800CC00009A79F7 /* main.m */; };
		9C3801211800CC00009A79F7 /* TrakusAppDelegate.m in Sources */ = {isa = PBXBuildFile; fileRef = 9C3801201800CC00009A79F7 /* TrakusAppDelegate.m */; };
		9C3801241800CC00009A79F7 /* Main.storyboard in Resources */ = {isa = PBXBuildFile; fileRef = 9C3801221800CC00009A79F7 /* Main.storyboard */; };
		9C3801271800CC00009A79F7 /* TrakusViewController.m in Sources */ = {isa = PBXBuildFile; fileRef = 9C3801261800CC00009A79F7 /* TrakusViewController.m */; };
		9C3801291800CC00009A79F7 /* Images.xcassets in Resources */ = {isa = PBXBuildFile; fileRef = 9C3801281800CC00009A79F7 /* Images.xcassets */; };
		9C3801311800CC01009A79F7 /* Foundation.framework in Frameworks */ = {isa = PBXBuildFile; fileRef = 9C3801101800CC00009A79F7 /* Foundation.framework */; };
		9C3801321800CC01009A79F7 /* UIKit.framework in Frameworks */ = {isa = PBXBuildFile; fileRef = 9C3801141800CC00009A79F7 /* UIKit.framework */; };
		9C38013A1800CC01009A79F7 /* InfoPlist.strings in Resources */ = {isa = PBXBuildFile; fileRef = 9C3801381800CC01009A79F7 /* InfoPlist.strings */; };
		9C38013C1800CC01009A79F7 /* TrakusTests.m in Sources */ = {isa = PBXBuildFile; fileRef = 9C38013B1800CC01009A79F7 /* TrakusTests.m */; };
		9C3801471800DCA1009A79F7 /* DataViewController.m in Sources */ = {isa = PBXBuildFile; fileRef = 9C3801461800DCA1009A79F7 /* DataViewController.m */; };
		9C38014D1800E2DB009A79F7 /* LaunchViewController.m in Sources */ = {isa = PBXBuildFile; fileRef = 9C38014C1800E2DB009A79F7 /* LaunchViewController.m */; };
		9C3801511800F195009A79F7 /* masterArray.m in Sources */ = {isa = PBXBuildFile; fileRef = 9C3801501800F195009A79F7 /* masterArray.m */; };
		9C3801581800F3D7009A79F7 /* sleepTime.m in Sources */ = {isa = PBXBuildFile; fileRef = 9C3801571800F3D7009A79F7 /* sleepTime.m */; };
		9C38015B1800F49C009A79F7 /* anxiety.m in Sources */ = {isa = PBXBuildFile; fileRef = 9C38015A1800F49C009A79F7 /* anxiety.m */; };
		9C38015E1800F5FC009A79F7 /* mood.m in Sources */ = {isa = PBXBuildFile; fileRef = 9C38015D1800F5FC009A79F7 /* mood.m */; };
		9C52AA5B18456CF700C79BD9 /* QuartzCore.framework in Frameworks */ = {isa = PBXBuildFile; fileRef = 9C52AA5A18456CF700C79BD9 /* QuartzCore.framework */; };
		9C83C8651803291800EAD954 /* temperTantrum.m in Sources */ = {isa = PBXBuildFile; fileRef = 9C83C8641803291800EAD954 /* temperTantrum.m */; };
		9C83C868180329C800EAD954 /* aggression.m in Sources */ = {isa = PBXBuildFile; fileRef = 9C83C867180329C800EAD954 /* aggression.m */; };
		9C83C87118032AED00EAD954 /* panicAttack.m in Sources */ = {isa = PBXBuildFile; fileRef = 9C83C87018032AED00EAD954 /* panicAttack.m */; };
		9C83C87418032D8600EAD954 /* setupViewController.m in Sources */ = {isa = PBXBuildFile; fileRef = 9C83C87318032D8600EAD954 /* setupViewController.m */; };
		9C83C87A1804C68B00EAD954 /* testVC.m in Sources */ = {isa = PBXBuildFile; fileRef = 9C83C8791804C68B00EAD954 /* testVC.m */; };
		9C83C87D1804DF6800EAD954 /* setup2ViewController.m in Sources */ = {isa = PBXBuildFile; fileRef = 9C83C87C1804DF6800EAD954 /* setup2ViewController.m */; };
		9CBBF78A189345890072B0EF /* TrakusTab1.0.png in Resources */ = {isa = PBXBuildFile; fileRef = 9CBBF789189345890072B0EF /* TrakusTab1.0.png */; };
		9CC1EBA0186CB18F00A32E6D /* emailViewController.m in Sources */ = {isa = PBXBuildFile; fileRef = 9CC1EB9F186CB18F00A32E6D /* emailViewController.m */; };
		9CC1EBA2186D0E2B00A32E6D /* MessageUI.framework in Frameworks */ = {isa = PBXBuildFile; fileRef = 9CC1EBA1186D0E2B00A32E6D /* MessageUI.framework */; };
		9CC1EBA5186D0F5300A32E6D /* MessageComposerViewController.m in Sources */ = {isa = PBXBuildFile; fileRef = 9CC1EBA4186D0F5300A32E6D /* MessageComposerViewController.m */; };
		9CC1F22C1809F1D200FB939D /* confirmViewController.m in Sources */ = {isa = PBXBuildFile; fileRef = 9CC1F22B1809F1D200FB939D /* confirmViewController.m */; };
		9CC1F22F1809F4D300FB939D /* firstTime.m in Sources */ = {isa = PBXBuildFile; fileRef = 9CC1F22E1809F4D300FB939D /* firstTime.m */; };
		9CDB6FE21807840500CE8700 /* resetViewController.m in Sources */ = {isa = PBXBuildFile; fileRef = 9CDB6FE11807840500CE8700 /* resetViewController.m */; };
		9CE120141886078E006D4F27 /* FullLayout.pdf in Resources */ = {isa = PBXBuildFile; fileRef = 9CE120131886078E006D4F27 /* FullLayout.pdf */; };
		9CE12016188609C2006D4F27 /* Default Background.png in Resources */ = {isa = PBXBuildFile; fileRef = 9CE12015188609C2006D4F27 /* Default Background.png */; };
		9CE1201818860C16006D4F27 /* FullLayout-1.png in Resources */ = {isa = PBXBuildFile; fileRef = 9CE1201718860C16006D4F27 /* FullLayout-1.png */; };
		9CE1201E18860DA2006D4F27 /* TabBarWithColorViewController.m in Sources */ = {isa = PBXBuildFile; fileRef = 9CE1201D18860DA2006D4F27 /* TabBarWithColorViewController.m */; };
		9CE120211886113B006D4F27 /* Notifier Background.m in Sources */ = {isa = PBXBuildFile; fileRef = 9CE120201886113B006D4F27 /* Notifier Background.m */; };
		9CF03E95184EB0C000A417E8 /* CoreText.framework in Frameworks */ = {isa = PBXBuildFile; fileRef = 9CF03E94184EB0C000A417E8 /* CoreText.framework */; };
		9CF03E9B184EB10600A417E8 /* libstdc++.dylib in Frameworks */ = {isa = PBXBuildFile; fileRef = 9CF03E9A184EB10600A417E8 /* libstdc++.dylib */; };
/* End PBXBuildFile section */

/* Begin PBXContainerItemProxy section */
		9C3801331800CC01009A79F7 /* PBXContainerItemProxy */ = {
			isa = PBXContainerItemProxy;
			containerPortal = 9C3801051800CC00009A79F7 /* Project object */;
			proxyType = 1;
			remoteGlobalIDString = 9C38010C1800CC00009A79F7;
			remoteInfo = Trakus;
		};
/* End PBXContainerItemProxy section */

/* Begin PBXFileReference section */
		9C0D822E1815A46D005508F1 /* NSDateFormated.h */ = {isa = PBXFileReference; fileEncoding = 4; lastKnownFileType = sourcecode.c.h; name = NSDateFormated.h; path = Classes/NSDateFormated.h; sourceTree = "<group>"; };
		9C0D822F1815A46D005508F1 /* NSDateFormated.m */ = {isa = PBXFileReference; fileEncoding = 4; lastKnownFileType = sourcecode.c.objc; name = NSDateFormated.m; path = Classes/NSDateFormated.m; sourceTree = "<group>"; };
		9C0D82311815AB14005508F1 /* calendarViewController.h */ = {isa = PBXFileReference; fileEncoding = 4; lastKnownFileType = sourcecode.c.h; name = calendarViewController.h; path = "View Controllers/calendarViewController.h"; sourceTree = "<group>"; };
		9C0D82321815AB14005508F1 /* calendarViewController.m */ = {isa = PBXFileReference; fileEncoding = 4; lastKnownFileType = sourcecode.c.objc; name = calendarViewController.m; path = "View Controllers/calendarViewController.m"; sourceTree = "<group>"; };
		9C38010D1800CC00009A79F7 /* Trakus.app */ = {isa = PBXFileReference; explicitFileType = wrapper.application; includeInIndex = 0; path = Trakus.app; sourceTree = BUILT_PRODUCTS_DIR; };
		9C3801101800CC00009A79F7 /* Foundation.framework */ = {isa = PBXFileReference; lastKnownFileType = wrapper.framework; name = Foundation.framework; path = System/Library/Frameworks/Foundation.framework; sourceTree = SDKROOT; };
		9C3801121800CC00009A79F7 /* CoreGraphics.framework */ = {isa = PBXFileReference; lastKnownFileType = wrapper.framework; name = CoreGraphics.framework; path = System/Library/Frameworks/CoreGraphics.framework; sourceTree = SDKROOT; };
		9C3801141800CC00009A79F7 /* UIKit.framework */ = {isa = PBXFileReference; lastKnownFileType = wrapper.framework; name = UIKit.framework; path = System/Library/Frameworks/UIKit.framework; sourceTree = SDKROOT; };
		9C3801181800CC00009A79F7 /* Trakus-Info.plist */ = {isa = PBXFileReference; lastKnownFileType = text.plist.xml; path = "Trakus-Info.plist"; sourceTree = "<group>"; };
		9C38011A1800CC00009A79F7 /* en */ = {isa = PBXFileReference; lastKnownFileType = text.plist.strings; name = en; path = en.lproj/InfoPlist.strings; sourceTree = "<group>"; };
		9C38011C1800CC00009A79F7 /* main.m */ = {isa = PBXFileReference; lastKnownFileType = sourcecode.c.objc; path = main.m; sourceTree = "<group>"; };
		9C38011F1800CC00009A79F7 /* TrakusAppDelegate.h */ = {isa = PBXFileReference; lastKnownFileType = sourcecode.c.h; path = TrakusAppDelegate.h; sourceTree = "<group>"; };
		9C3801201800CC00009A79F7 /* TrakusAppDelegate.m */ = {isa = PBXFileReference; lastKnownFileType = sourcecode.c.objc; path = TrakusAppDelegate.m; sourceTree = "<group>"; };
		9C3801231800CC00009A79F7 /* Base */ = {isa = PBXFileReference; lastKnownFileType = file.storyboard; name = Base; path = Base.lproj/Main.storyboard; sourceTree = "<group>"; };
		9C3801251800CC00009A79F7 /* TrakusViewController.h */ = {isa = PBXFileReference; lastKnownFileType = sourcecode.c.h; path = TrakusViewController.h; sourceTree = "<group>"; };
		9C3801261800CC00009A79F7 /* TrakusViewController.m */ = {isa = PBXFileReference; lastKnownFileType = sourcecode.c.objc; path = TrakusViewController.m; sourceTree = "<group>"; };
		9C3801281800CC00009A79F7 /* Images.xcassets */ = {isa = PBXFileReference; lastKnownFileType = folder.assetcatalog; path = Images.xcassets; sourceTree = "<group>"; };
		9C38012E1800CC01009A79F7 /* TrakusTests.xctest */ = {isa = PBXFileReference; explicitFileType = wrapper.cfbundle; includeInIndex = 0; path = TrakusTests.xctest; sourceTree = BUILT_PRODUCTS_DIR; };
		9C3801371800CC01009A79F7 /* TrakusTests-Info.plist */ = {isa = PBXFileReference; lastKnownFileType = text.plist.xml; path = "TrakusTests-Info.plist"; sourceTree = "<group>"; };
		9C3801391800CC01009A79F7 /* en */ = {isa = PBXFileReference; lastKnownFileType = text.plist.strings; name = en; path = en.lproj/InfoPlist.strings; sourceTree = "<group>"; };
		9C38013B1800CC01009A79F7 /* TrakusTests.m */ = {isa = PBXFileReference; lastKnownFileType = sourcecode.c.objc; path = TrakusTests.m; sourceTree = "<group>"; };
		9C3801451800DCA1009A79F7 /* DataViewController.h */ = {isa = PBXFileReference; fileEncoding = 4; lastKnownFileType = sourcecode.c.h; name = DataViewController.h; path = "View Controllers/DataViewController.h"; sourceTree = "<group>"; };
		9C3801461800DCA1009A79F7 /* DataViewController.m */ = {isa = PBXFileReference; fileEncoding = 4; lastKnownFileType = sourcecode.c.objc; name = DataViewController.m; path = "View Controllers/DataViewController.m"; sourceTree = "<group>"; };
		9C38014B1800E2DB009A79F7 /* LaunchViewController.h */ = {isa = PBXFileReference; fileEncoding = 4; lastKnownFileType = sourcecode.c.h; name = LaunchViewController.h; path = "View Controllers/LaunchViewController.h"; sourceTree = "<group>"; };
		9C38014C1800E2DB009A79F7 /* LaunchViewController.m */ = {isa = PBXFileReference; fileEncoding = 4; lastKnownFileType = sourcecode.c.objc; name = LaunchViewController.m; path = "View Controllers/LaunchViewController.m"; sourceTree = "<group>"; };
		9C38014F1800F195009A79F7 /* masterArray.h */ = {isa = PBXFileReference; fileEncoding = 4; lastKnownFileType = sourcecode.c.h; name = masterArray.h; path = Classes/masterArray.h; sourceTree = "<group>"; };
		9C3801501800F195009A79F7 /* masterArray.m */ = {isa = PBXFileReference; fileEncoding = 4; lastKnownFileType = sourcecode.c.objc; name = masterArray.m; path = Classes/masterArray.m; sourceTree = "<group>"; };
		9C3801561800F3D7009A79F7 /* sleepTime.h */ = {isa = PBXFileReference; fileEncoding = 4; lastKnownFileType = sourcecode.c.h; name = sleepTime.h; path = Classes/sleepTime.h; sourceTree = "<group>"; };
		9C3801571800F3D7009A79F7 /* sleepTime.m */ = {isa = PBXFileReference; fileEncoding = 4; lastKnownFileType = sourcecode.c.objc; name = sleepTime.m; path = Classes/sleepTime.m; sourceTree = "<group>"; };
		9C3801591800F49C009A79F7 /* anxiety.h */ = {isa = PBXFileReference; fileEncoding = 4; lastKnownFileType = sourcecode.c.h; name = anxiety.h; path = Classes/anxiety.h; sourceTree = "<group>"; };
		9C38015A1800F49C009A79F7 /* anxiety.m */ = {isa = PBXFileReference; fileEncoding = 4; lastKnownFileType = sourcecode.c.objc; name = anxiety.m; path = Classes/anxiety.m; sourceTree = "<group>"; };
		9C38015C1800F5FC009A79F7 /* mood.h */ = {isa = PBXFileReference; fileEncoding = 4; lastKnownFileType = sourcecode.c.h; name = mood.h; path = Classes/mood.h; sourceTree = "<group>"; };
		9C38015D1800F5FC009A79F7 /* mood.m */ = {isa = PBXFileReference; fileEncoding = 4; lastKnownFileType = sourcecode.c.objc; name = mood.m; path = Classes/mood.m; sourceTree = "<group>"; };
		9C52AA5A18456CF700C79BD9 /* QuartzCore.framework */ = {isa = PBXFileReference; lastKnownFileType = wrapper.framework; name = QuartzCore.framework; path = System/Library/Frameworks/QuartzCore.framework; sourceTree = SDKROOT; };
		9C83C8631803291800EAD954 /* temperTantrum.h */ = {isa = PBXFileReference; fileEncoding = 4; lastKnownFileType = sourcecode.c.h; name = temperTantrum.h; path = Classes/temperTantrum.h; sourceTree = "<group>"; };
		9C83C8641803291800EAD954 /* temperTantrum.m */ = {isa = PBXFileReference; fileEncoding = 4; lastKnownFileType = sourcecode.c.objc; name = temperTantrum.m; path = Classes/temperTantrum.m; sourceTree = "<group>"; };
		9C83C866180329C800EAD954 /* aggression.h */ = {isa = PBXFileReference; fileEncoding = 4; lastKnownFileType = sourcecode.c.h; name = aggression.h; path = Classes/aggression.h; sourceTree = "<group>"; };
		9C83C867180329C800EAD954 /* aggression.m */ = {isa = PBXFileReference; fileEncoding = 4; lastKnownFileType = sourcecode.c.objc; name = aggression.m; path = Classes/aggression.m; sourceTree = "<group>"; };
		9C83C86F18032AED00EAD954 /* panicAttack.h */ = {isa = PBXFileReference; fileEncoding = 4; lastKnownFileType = sourcecode.c.h; name = panicAttack.h; path = Classes/panicAttack.h; sourceTree = "<group>"; };
		9C83C87018032AED00EAD954 /* panicAttack.m */ = {isa = PBXFileReference; fileEncoding = 4; lastKnownFileType = sourcecode.c.objc; name = panicAttack.m; path = Classes/panicAttack.m; sourceTree = "<group>"; };
		9C83C87218032D8600EAD954 /* setupViewController.h */ = {isa = PBXFileReference; fileEncoding = 4; lastKnownFileType = sourcecode.c.h; name = setupViewController.h; path = "View Controllers/setupViewController.h"; sourceTree = "<group>"; };
		9C83C87318032D8600EAD954 /* setupViewController.m */ = {isa = PBXFileReference; fileEncoding = 4; lastKnownFileType = sourcecode.c.objc; name = setupViewController.m; path = "View Controllers/setupViewController.m"; sourceTree = "<group>"; };
		9C83C8781804C68B00EAD954 /* testVC.h */ = {isa = PBXFileReference; fileEncoding = 4; lastKnownFileType = sourcecode.c.h; name = testVC.h; path = "View Controllers/testVC.h"; sourceTree = "<group>"; };
		9C83C8791804C68B00EAD954 /* testVC.m */ = {isa = PBXFileReference; fileEncoding = 4; lastKnownFileType = sourcecode.c.objc; name = testVC.m; path = "View Controllers/testVC.m"; sourceTree = "<group>"; tabWidth = 4; };
		9C83C87B1804DF6800EAD954 /* setup2ViewController.h */ = {isa = PBXFileReference; fileEncoding = 4; lastKnownFileType = sourcecode.c.h; name = setup2ViewController.h; path = "View Controllers/setup2ViewController.h"; sourceTree = "<group>"; };
		9C83C87C1804DF6800EAD954 /* setup2ViewController.m */ = {isa = PBXFileReference; fileEncoding = 4; lastKnownFileType = sourcecode.c.objc; name = setup2ViewController.m; path = "View Controllers/setup2ViewController.m"; sourceTree = "<group>"; };
		9CBBF789189345890072B0EF /* TrakusTab1.0.png */ = {isa = PBXFileReference; lastKnownFileType = image.png; path = TrakusTab1.0.png; sourceTree = "<group>"; };
		9CC1EB9E186CB18F00A32E6D /* emailViewController.h */ = {isa = PBXFileReference; fileEncoding = 4; lastKnownFileType = sourcecode.c.h; name = emailViewController.h; path = "View Controllers/emailViewController.h"; sourceTree = "<group>"; };
		9CC1EB9F186CB18F00A32E6D /* emailViewController.m */ = {isa = PBXFileReference; fileEncoding = 4; lastKnownFileType = sourcecode.c.objc; name = emailViewController.m; path = "View Controllers/emailViewController.m"; sourceTree = "<group>"; };
		9CC1EBA1186D0E2B00A32E6D /* MessageUI.framework */ = {isa = PBXFileReference; lastKnownFileType = wrapper.framework; name = MessageUI.framework; path = System/Library/Frameworks/MessageUI.framework; sourceTree = SDKROOT; };
		9CC1EBA3186D0F5300A32E6D /* MessageComposerViewController.h */ = {isa = PBXFileReference; fileEncoding = 4; lastKnownFileType = sourcecode.c.h; path = MessageComposerViewController.h; sourceTree = "<group>"; };
		9CC1EBA4186D0F5300A32E6D /* MessageComposerViewController.m */ = {isa = PBXFileReference; fileEncoding = 4; lastKnownFileType = sourcecode.c.objc; path = MessageComposerViewController.m; sourceTree = "<group>"; };
		9CC1F22A1809F1D200FB939D /* confirmViewController.h */ = {isa = PBXFileReference; fileEncoding = 4; lastKnownFileType = sourcecode.c.h; name = confirmViewController.h; path = "View Controllers/confirmViewController.h"; sourceTree = "<group>"; };
		9CC1F22B1809F1D200FB939D /* confirmViewController.m */ = {isa = PBXFileReference; fileEncoding = 4; lastKnownFileType = sourcecode.c.objc; name = confirmViewController.m; path = "View Controllers/confirmViewController.m"; sourceTree = "<group>"; };
		9CC1F22D1809F4D300FB939D /* firstTime.h */ = {isa = PBXFileReference; fileEncoding = 4; lastKnownFileType = sourcecode.c.h; name = firstTime.h; path = Classes/firstTime.h; sourceTree = "<group>"; };
		9CC1F22E1809F4D300FB939D /* firstTime.m */ = {isa = PBXFileReference; fileEncoding = 4; lastKnownFileType = sourcecode.c.objc; name = firstTime.m; path = Classes/firstTime.m; sourceTree = "<group>"; };
		9CDB6FE01807840500CE8700 /* resetViewController.h */ = {isa = PBXFileReference; fileEncoding = 4; lastKnownFileType = sourcecode.c.h; name = resetViewController.h; path = "View Controllers/resetViewController.h"; sourceTree = "<group>"; };
		9CDB6FE11807840500CE8700 /* resetViewController.m */ = {isa = PBXFileReference; fileEncoding = 4; lastKnownFileType = sourcecode.c.objc; name = resetViewController.m; path = "View Controllers/resetViewController.m"; sourceTree = "<group>"; };
		9CE120131886078E006D4F27 /* FullLayout.pdf */ = {isa = PBXFileReference; lastKnownFileType = image.pdf; path = FullLayout.pdf; sourceTree = "<group>"; };
		9CE12015188609C2006D4F27 /* Default Background.png */ = {isa = PBXFileReference; lastKnownFileType = image.png; path = "Default Background.png"; sourceTree = "<group>"; };
		9CE1201718860C16006D4F27 /* FullLayout-1.png */ = {isa = PBXFileReference; lastKnownFileType = image.png; path = "FullLayout-1.png"; sourceTree = "<group>"; };
		9CE1201C18860DA2006D4F27 /* TabBarWithColorViewController.h */ = {isa = PBXFileReference; fileEncoding = 4; lastKnownFileType = sourcecode.c.h; name = TabBarWithColorViewController.h; path = "View Controllers/TabBarWithColorViewController.h"; sourceTree = "<group>"; };
		9CE1201D18860DA2006D4F27 /* TabBarWithColorViewController.m */ = {isa = PBXFileReference; fileEncoding = 4; lastKnownFileType = sourcecode.c.objc; name = TabBarWithColorViewController.m; path = "View Controllers/TabBarWithColorViewController.m"; sourceTree = "<group>"; };
		9CE1201F1886113B006D4F27 /* Notifier Background.h */ = {isa = PBXFileReference; fileEncoding = 4; lastKnownFileType = sourcecode.c.h; name = "Notifier Background.h"; path = "View Controllers/Notifier Background.h"; sourceTree = "<group>"; };
		9CE120201886113B006D4F27 /* Notifier Background.m */ = {isa = PBXFileReference; fileEncoding = 4; lastKnownFileType = sourcecode.c.objc; name = "Notifier Background.m"; path = "View Controllers/Notifier Background.m"; sourceTree = "<group>"; };
		9CF03E94184EB0C000A417E8 /* CoreText.framework */ = {isa = PBXFileReference; lastKnownFileType = wrapper.framework; name = CoreText.framework; path = System/Library/Frameworks/CoreText.framework; sourceTree = SDKROOT; };
		9CF03E9A184EB10600A417E8 /* libstdc++.dylib */ = {isa = PBXFileReference; lastKnownFileType = "compiled.mach-o.dylib"; name = "libstdc++.dylib"; path = "usr/lib/libstdc++.dylib"; sourceTree = SDKROOT; };
/* End PBXFileReference section */

/* Begin PBXFrameworksBuildPhase section */
		9C38010A1800CC00009A79F7 /* Frameworks */ = {
			isa = PBXFrameworksBuildPhase;
			buildActionMask = 2147483647;
			files = (
				9CC1EBA2186D0E2B00A32E6D /* MessageUI.framework in Frameworks */,
				9CF03E9B184EB10600A417E8 /* libstdc++.dylib in Frameworks */,
				9CF03E95184EB0C000A417E8 /* CoreText.framework in Frameworks */,
				9C52AA5B18456CF700C79BD9 /* QuartzCore.framework in Frameworks */,
				9C3801151800CC00009A79F7 /* UIKit.framework in Frameworks */,
				9C3801111800CC00009A79F7 /* Foundation.framework in Frameworks */,
				9C3801131800CC00009A79F7 /* CoreGraphics.framework in Frameworks */,
			);
			runOnlyForDeploymentPostprocessing = 0;
		};
		9C38012B1800CC01009A79F7 /* Frameworks */ = {
			isa = PBXFrameworksBuildPhase;
			buildActionMask = 2147483647;
			files = (
				9C3801321800CC01009A79F7 /* UIKit.framework in Frameworks */,
				9C3801311800CC01009A79F7 /* Foundation.framework in Frameworks */,
			);
			runOnlyForDeploymentPostprocessing = 0;
		};
/* End PBXFrameworksBuildPhase section */

/* Begin PBXGroup section */
		9C3801041800CC00009A79F7 = {
			isa = PBXGroup;
			children = (
				9C3801161800CC00009A79F7 /* Trakus */,
				9C3801351800CC01009A79F7 /* TrakusTests */,
				9C38010F1800CC00009A79F7 /* Frameworks */,
				9C38010E1800CC00009A79F7 /* Products */,
			);
			sourceTree = "<group>";
		};
		9C38010E1800CC00009A79F7 /* Products */ = {
			isa = PBXGroup;
			children = (
				9C38010D1800CC00009A79F7 /* Trakus.app */,
				9C38012E1800CC01009A79F7 /* TrakusTests.xctest */,
			);
			name = Products;
			sourceTree = "<group>";
		};
		9C38010F1800CC00009A79F7 /* Frameworks */ = {
			isa = PBXGroup;
			children = (
				9CC1EBA1186D0E2B00A32E6D /* MessageUI.framework */,
				9CF03E9A184EB10600A417E8 /* libstdc++.dylib */,
				9CF03E94184EB0C000A417E8 /* CoreText.framework */,
				9C52AA5A18456CF700C79BD9 /* QuartzCore.framework */,
				9C3801101800CC00009A79F7 /* Foundation.framework */,
				9C3801121800CC00009A79F7 /* CoreGraphics.framework */,
				9C3801141800CC00009A79F7 /* UIKit.framework */,
			);
			name = Frameworks;
			sourceTree = "<group>";
		};
		9C3801161800CC00009A79F7 /* Trakus */ = {
			isa = PBXGroup;
			children = (
				9C38011F1800CC00009A79F7 /* TrakusAppDelegate.h */,
				9C3801201800CC00009A79F7 /* TrakusAppDelegate.m */,
				9CE120131886078E006D4F27 /* FullLayout.pdf */,
				9CE12015188609C2006D4F27 /* Default Background.png */,
				9CE1201718860C16006D4F27 /* FullLayout-1.png */,
				9C3801221800CC00009A79F7 /* Main.storyboard */,
				9CBBF789189345890072B0EF /* TrakusTab1.0.png */,
				9C3801521800F19C009A79F7 /* Classes */,
				9C38014E1800ECD8009A79F7 /* VCs */,
				9C3801281800CC00009A79F7 /* Images.xcassets */,
				9C3801171800CC00009A79F7 /* Supporting Files */,
			);
			path = Trakus;
			sourceTree = "<group>";
		};
		9C3801171800CC00009A79F7 /* Supporting Files */ = {
			isa = PBXGroup;
			children = (
				9C3801181800CC00009A79F7 /* Trakus-Info.plist */,
				9C3801191800CC00009A79F7 /* InfoPlist.strings */,
				9C38011C1800CC00009A79F7 /* main.m */,
			);
			name = "Supporting Files";
			sourceTree = "<group>";
		};
		9C3801351800CC01009A79F7 /* TrakusTests */ = {
			isa = PBXGroup;
			children = (
				9C38013B1800CC01009A79F7 /* TrakusTests.m */,
				9C3801361800CC01009A79F7 /* Supporting Files */,
			);
			path = TrakusTests;
			sourceTree = "<group>";
		};
		9C3801361800CC01009A79F7 /* Supporting Files */ = {
			isa = PBXGroup;
			children = (
				9C3801371800CC01009A79F7 /* TrakusTests-Info.plist */,
				9C3801381800CC01009A79F7 /* InfoPlist.strings */,
			);
			name = "Supporting Files";
			sourceTree = "<group>";
		};
		9C38014E1800ECD8009A79F7 /* VCs */ = {
			isa = PBXGroup;
			children = (
				9CE1201F1886113B006D4F27 /* Notifier Background.h */,
				9CE120201886113B006D4F27 /* Notifier Background.m */,
				9CE1201C18860DA2006D4F27 /* TabBarWithColorViewController.h */,
				9CE1201D18860DA2006D4F27 /* TabBarWithColorViewController.m */,
				9C0D82311815AB14005508F1 /* calendarViewController.h */,
				9C0D82321815AB14005508F1 /* calendarViewController.m */,
				9CC1F22A1809F1D200FB939D /* confirmViewController.h */,
				9CC1F22B1809F1D200FB939D /* confirmViewController.m */,
				9CDB6FE01807840500CE8700 /* resetViewController.h */,
				9CDB6FE11807840500CE8700 /* resetViewController.m */,
				9C83C87218032D8600EAD954 /* setupViewController.h */,
				9C83C87318032D8600EAD954 /* setupViewController.m */,
				9C83C87B1804DF6800EAD954 /* setup2ViewController.h */,
				9C83C87C1804DF6800EAD954 /* setup2ViewController.m */,
				9C38014B1800E2DB009A79F7 /* LaunchViewController.h */,
				9C38014C1800E2DB009A79F7 /* LaunchViewController.m */,
				9C83C8781804C68B00EAD954 /* testVC.h */,
				9C83C8791804C68B00EAD954 /* testVC.m */,
				9C3801451800DCA1009A79F7 /* DataViewController.h */,
				9C3801461800DCA1009A79F7 /* DataViewController.m */,
				9C3801251800CC00009A79F7 /* TrakusViewController.h */,
				9C3801261800CC00009A79F7 /* TrakusViewController.m */,
			);
			name = VCs;
			sourceTree = "<group>";
		};
		9C3801521800F19C009A79F7 /* Classes */ = {
			isa = PBXGroup;
			children = (
				9CC1EBA3186D0F5300A32E6D /* MessageComposerViewController.h */,
				9CC1EBA4186D0F5300A32E6D /* MessageComposerViewController.m */,
				9CC1EB9E186CB18F00A32E6D /* emailViewController.h */,
				9CC1EB9F186CB18F00A32E6D /* emailViewController.m */,
				9C0D822E1815A46D005508F1 /* NSDateFormated.h */,
				9C0D822F1815A46D005508F1 /* NSDateFormated.m */,
				9C83C86F18032AED00EAD954 /* panicAttack.h */,
				9C83C87018032AED00EAD954 /* panicAttack.m */,
				9C83C866180329C800EAD954 /* aggression.h */,
				9C83C867180329C800EAD954 /* aggression.m */,
				9C83C8631803291800EAD954 /* temperTantrum.h */,
				9C83C8641803291800EAD954 /* temperTantrum.m */,
				9C38015C1800F5FC009A79F7 /* mood.h */,
				9C38015D1800F5FC009A79F7 /* mood.m */,
				9C3801591800F49C009A79F7 /* anxiety.h */,
				9C38015A1800F49C009A79F7 /* anxiety.m */,
				9C3801561800F3D7009A79F7 /* sleepTime.h */,
				9C3801571800F3D7009A79F7 /* sleepTime.m */,
				9C38014F1800F195009A79F7 /* masterArray.h */,
				9C3801501800F195009A79F7 /* masterArray.m */,
				9CC1F22D1809F4D300FB939D /* firstTime.h */,
				9CC1F22E1809F4D300FB939D /* firstTime.m */,
			);
			name = Classes;
			sourceTree = "<group>";
		};
/* End PBXGroup section */

/* Begin PBXNativeTarget section */
		9C38010C1800CC00009A79F7 /* Trakus */ = {
			isa = PBXNativeTarget;
			buildConfigurationList = 9C38013F1800CC01009A79F7 /* Build configuration list for PBXNativeTarget "Trakus" */;
			buildPhases = (
				9C3801091800CC00009A79F7 /* Sources */,
				9C38010A1800CC00009A79F7 /* Frameworks */,
				9C38010B1800CC00009A79F7 /* Resources */,
			);
			buildRules = (
			);
			dependencies = (
			);
			name = Trakus;
			productName = Trakus;
			productReference = 9C38010D1800CC00009A79F7 /* Trakus.app */;
			productType = "com.apple.product-type.application";
		};
		9C38012D1800CC01009A79F7 /* TrakusTests */ = {
			isa = PBXNativeTarget;
			buildConfigurationList = 9C3801421800CC01009A79F7 /* Build configuration list for PBXNativeTarget "TrakusTests" */;
			buildPhases = (
				9C38012A1800CC01009A79F7 /* Sources */,
				9C38012B1800CC01009A79F7 /* Frameworks */,
				9C38012C1800CC01009A79F7 /* Resources */,
			);
			buildRules = (
			);
			dependencies = (
				9C3801341800CC01009A79F7 /* PBXTargetDependency */,
			);
			name = TrakusTests;
			productName = TrakusTests;
			productReference = 9C38012E1800CC01009A79F7 /* TrakusTests.xctest */;
			productType = "com.apple.product-type.bundle.unit-test";
		};
/* End PBXNativeTarget section */

/* Begin PBXProject section */
		9C3801051800CC00009A79F7 /* Project object */ = {
			isa = PBXProject;
			attributes = {
				CLASSPREFIX = Trakus;
				LastUpgradeCheck = 0500;
				ORGANIZATIONNAME = "Hi Dev Mobile";
				TargetAttributes = {
					9C38010C1800CC00009A79F7 = {
						DevelopmentTeam = XFPNXGMBCV;
					};
					9C38012D1800CC01009A79F7 = {
						TestTargetID = 9C38010C1800CC00009A79F7;
					};
				};
			};
			buildConfigurationList = 9C3801081800CC00009A79F7 /* Build configuration list for PBXProject "Trakus" */;
			compatibilityVersion = "Xcode 3.2";
			developmentRegion = English;
			hasScannedForEncodings = 0;
			knownRegions = (
				en,
				Base,
			);
			mainGroup = 9C3801041800CC00009A79F7;
			productRefGroup = 9C38010E1800CC00009A79F7 /* Products */;
			projectDirPath = "";
			projectRoot = "";
			targets = (
				9C38010C1800CC00009A79F7 /* Trakus */,
				9C38012D1800CC01009A79F7 /* TrakusTests */,
			);
		};
/* End PBXProject section */

/* Begin PBXResourcesBuildPhase section */
		9C38010B1800CC00009A79F7 /* Resources */ = {
			isa = PBXResourcesBuildPhase;
			buildActionMask = 2147483647;
			files = (
				9C3801291800CC00009A79F7 /* Images.xcassets in Resources */,
				9C38011B1800CC00009A79F7 /* InfoPlist.strings in Resources */,
				9C3801241800CC00009A79F7 /* Main.storyboard in Resources */,
				9CBBF78A189345890072B0EF /* TrakusTab1.0.png in Resources */,
				9CE120141886078E006D4F27 /* FullLayout.pdf in Resources */,
				9CE1201818860C16006D4F27 /* FullLayout-1.png in Resources */,
				9CE12016188609C2006D4F27 /* Default Background.png in Resources */,
			);
			runOnlyForDeploymentPostprocessing = 0;
		};
		9C38012C1800CC01009A79F7 /* Resources */ = {
			isa = PBXResourcesBuildPhase;
			buildActionMask = 2147483647;
			files = (
				9C38013A1800CC01009A79F7 /* InfoPlist.strings in Resources */,
			);
			runOnlyForDeploymentPostprocessing = 0;
		};
/* End PBXResourcesBuildPhase section */

/* Begin PBXSourcesBuildPhase section */
		9C3801091800CC00009A79F7 /* Sources */ = {
			isa = PBXSourcesBuildPhase;
			buildActionMask = 2147483647;
			files = (
				9C83C8651803291800EAD954 /* temperTantrum.m in Sources */,
				9C3801471800DCA1009A79F7 /* DataViewController.m in Sources */,
				9CDB6FE21807840500CE8700 /* resetViewController.m in Sources */,
				9CE1201E18860DA2006D4F27 /* TabBarWithColorViewController.m in Sources */,
				9C38015B1800F49C009A79F7 /* anxiety.m in Sources */,
				9C3801211800CC00009A79F7 /* TrakusAppDelegate.m in Sources */,
				9CC1F22F1809F4D300FB939D /* firstTime.m in Sources */,
				9C38015E1800F5FC009A79F7 /* mood.m in Sources */,
				9C38011D1800CC00009A79F7 /* main.m in Sources */,
				9C83C87A1804C68B00EAD954 /* testVC.m in Sources */,
				9C3801511800F195009A79F7 /* masterArray.m in Sources */,
				9CC1EBA0186CB18F00A32E6D /* emailViewController.m in Sources */,
				9C38014D1800E2DB009A79F7 /* LaunchViewController.m in Sources */,
				9C3801581800F3D7009A79F7 /* sleepTime.m in Sources */,
				9C83C868180329C800EAD954 /* aggression.m in Sources */,
				9C3801271800CC00009A79F7 /* TrakusViewController.m in Sources */,
				9CE120211886113B006D4F27 /* Notifier Background.m in Sources */,
				9CC1F22C1809F1D200FB939D /* confirmViewController.m in Sources */,
				9C83C87D1804DF6800EAD954 /* setup2ViewController.m in Sources */,
				9C0D82331815AB14005508F1 /* calendarViewController.m in Sources */,
				9CC1EBA5186D0F5300A32E6D /* MessageComposerViewController.m in Sources */,
				9C83C87118032AED00EAD954 /* panicAttack.m in Sources */,
				9C83C87418032D8600EAD954 /* setupViewController.m in Sources */,
				9C0D82301815A46D005508F1 /* NSDateFormated.m in Sources */,
			);
			runOnlyForDeploymentPostprocessing = 0;
		};
		9C38012A1800CC01009A79F7 /* Sources */ = {
			isa = PBXSourcesBuildPhase;
			buildActionMask = 2147483647;
			files = (
				9C38013C1800CC01009A79F7 /* TrakusTests.m in Sources */,
			);
			runOnlyForDeploymentPostprocessing = 0;
		};
/* End PBXSourcesBuildPhase section */

/* Begin PBXTargetDependency section */
		9C3801341800CC01009A79F7 /* PBXTargetDependency */ = {
			isa = PBXTargetDependency;
			target = 9C38010C1800CC00009A79F7 /* Trakus */;
			targetProxy = 9C3801331800CC01009A79F7 /* PBXContainerItemProxy */;
		};
/* End PBXTargetDependency section */

/* Begin PBXVariantGroup section */
		9C3801191800CC00009A79F7 /* InfoPlist.strings */ = {
			isa = PBXVariantGroup;
			children = (
				9C38011A1800CC00009A79F7 /* en */,
			);
			name = InfoPlist.strings;
			sourceTree = "<group>";
		};
		9C3801221800CC00009A79F7 /* Main.storyboard */ = {
			isa = PBXVariantGroup;
			children = (
				9C3801231800CC00009A79F7 /* Base */,
			);
			name = Main.storyboard;
			sourceTree = "<group>";
		};
		9C3801381800CC01009A79F7 /* InfoPlist.strings */ = {
			isa = PBXVariantGroup;
			children = (
				9C3801391800CC01009A79F7 /* en */,
			);
			name = InfoPlist.strings;
			sourceTree = "<group>";
		};
/* End PBXVariantGroup section */

/* Begin XCBuildConfiguration section */
		9C38013D1800CC01009A79F7 /* Debug */ = {
			isa = XCBuildConfiguration;
			buildSettings = {
				ALWAYS_SEARCH_USER_PATHS = NO;
				ARCHS = "$(ARCHS_STANDARD_INCLUDING_64_BIT)";
				CLANG_CXX_LANGUAGE_STANDARD = "gnu++0x";
				CLANG_CXX_LIBRARY = "libc++";
				CLANG_ENABLE_MODULES = YES;
				CLANG_ENABLE_OBJC_ARC = YES;
				CLANG_WARN_BOOL_CONVERSION = YES;
				CLANG_WARN_CONSTANT_CONVERSION = YES;
				CLANG_WARN_DIRECT_OBJC_ISA_USAGE = YES_ERROR;
				CLANG_WARN_EMPTY_BODY = YES;
				CLANG_WARN_ENUM_CONVERSION = YES;
				CLANG_WARN_INT_CONVERSION = YES;
				CLANG_WARN_OBJC_ROOT_CLASS = YES_ERROR;
				CLANG_WARN__DUPLICATE_METHOD_MATCH = YES;
				"CODE_SIGN_IDENTITY[sdk=iphoneos*]" = "iPhone Developer";
				COPY_PHASE_STRIP = NO;
				GCC_C_LANGUAGE_STANDARD = gnu99;
				GCC_DYNAMIC_NO_PIC = NO;
				GCC_OPTIMIZATION_LEVEL = 0;
				GCC_PREPROCESSOR_DEFINITIONS = (
					"DEBUG=1",
					"$(inherited)",
				);
				GCC_SYMBOLS_PRIVATE_EXTERN = NO;
				GCC_WARN_64_TO_32_BIT_CONVERSION = YES;
				GCC_WARN_ABOUT_RETURN_TYPE = YES_ERROR;
				GCC_WARN_UNDECLARED_SELECTOR = YES;
				GCC_WARN_UNINITIALIZED_AUTOS = YES;
				GCC_WARN_UNUSED_FUNCTION = YES;
				GCC_WARN_UNUSED_VARIABLE = YES;
				IPHONEOS_DEPLOYMENT_TARGET = 7.0;
				ONLY_ACTIVE_ARCH = YES;
				SDKROOT = iphoneos;
			};
			name = Debug;
		};
		9C38013E1800CC01009A79F7 /* Release */ = {
			isa = XCBuildConfiguration;
			buildSettings = {
				ALWAYS_SEARCH_USER_PATHS = NO;
				ARCHS = "$(ARCHS_STANDARD_INCLUDING_64_BIT)";
				CLANG_CXX_LANGUAGE_STANDARD = "gnu++0x";
				CLANG_CXX_LIBRARY = "libc++";
				CLANG_ENABLE_MODULES = YES;
				CLANG_ENABLE_OBJC_ARC = YES;
				CLANG_WARN_BOOL_CONVERSION = YES;
				CLANG_WARN_CONSTANT_CONVERSION = YES;
				CLANG_WARN_DIRECT_OBJC_ISA_USAGE = YES_ERROR;
				CLANG_WARN_EMPTY_BODY = YES;
				CLANG_WARN_ENUM_CONVERSION = YES;
				CLANG_WARN_INT_CONVERSION = YES;
				CLANG_WARN_OBJC_ROOT_CLASS = YES_ERROR;
				CLANG_WARN__DUPLICATE_METHOD_MATCH = YES;
				"CODE_SIGN_IDENTITY[sdk=iphoneos*]" = "iPhone Developer";
				COPY_PHASE_STRIP = YES;
				ENABLE_NS_ASSERTIONS = NO;
				GCC_C_LANGUAGE_STANDARD = gnu99;
				GCC_WARN_64_TO_32_BIT_CONVERSION = YES;
				GCC_WARN_ABOUT_RETURN_TYPE = YES_ERROR;
				GCC_WARN_UNDECLARED_SELECTOR = YES;
				GCC_WARN_UNINITIALIZED_AUTOS = YES;
				GCC_WARN_UNUSED_FUNCTION = YES;
				GCC_WARN_UNUSED_VARIABLE = YES;
				IPHONEOS_DEPLOYMENT_TARGET = 7.0;
				SDKROOT = iphoneos;
				VALIDATE_PRODUCT = YES;
			};
			name = Release;
		};
		9C3801401800CC01009A79F7 /* Debug */ = {
			isa = XCBuildConfiguration;
			buildSettings = {
				ASSETCATALOG_COMPILER_APPICON_NAME = AppIcon;
				ASSETCATALOG_COMPILER_LAUNCHIMAGE_NAME = LaunchImage;
				CODE_SIGN_IDENTITY = "iPhone Developer";
				"CODE_SIGN_IDENTITY[sdk=iphoneos*]" = "iPhone Developer";
				FRAMEWORK_SEARCH_PATHS = (
					"$(inherited)",
					/Users/adrianbedard/Desktop/Desktop/Work/Trakus,
					"$(DEVELOPER_FRAMEWORKS_DIR)",
				);
				GCC_PRECOMPILE_PREFIX_HEADER = YES;
				GCC_PREFIX_HEADER = "Trakus/Trakus-Prefix.pch";
				GCC_VERSION = "";
				INFOPLIST_FILE = "Trakus/Trakus-Info.plist";
				IPHONEOS_DEPLOYMENT_TARGET = 7.0;
				LIBRARY_SEARCH_PATHS = (
					"$(inherited)",
					/Users/adrianbedard/Desktop/Desktop/Work/Trakus/Trakus,
				);
				"OTHER_LDFLAGS[arch=*]" = "-ObjC";
				PRODUCT_NAME = "$(TARGET_NAME)";
				PROVISIONING_PROFILE = "";
				TARGETED_DEVICE_FAMILY = 1;
				WRAPPER_EXTENSION = app;
			};
			name = Debug;
		};
		9C3801411800CC01009A79F7 /* Release */ = {
			isa = XCBuildConfiguration;
			buildSettings = {
				ASSETCATALOG_COMPILER_APPICON_NAME = AppIcon;
				ASSETCATALOG_COMPILER_LAUNCHIMAGE_NAME = LaunchImage;
				CODE_SIGN_IDENTITY = "iPhone Developer";
				"CODE_SIGN_IDENTITY[sdk=iphoneos*]" = "iPhone Developer";
				FRAMEWORK_SEARCH_PATHS = (
					"$(inherited)",
					/Users/adrianbedard/Desktop/Desktop/Work/Trakus,
					"$(DEVELOPER_FRAMEWORKS_DIR)",
				);
				GCC_PRECOMPILE_PREFIX_HEADER = YES;
				GCC_PREFIX_HEADER = "Trakus/Trakus-Prefix.pch";
				GCC_VERSION = "";
				INFOPLIST_FILE = "Trakus/Trakus-Info.plist";
				IPHONEOS_DEPLOYMENT_TARGET = 7.0;
				LIBRARY_SEARCH_PATHS = (
					"$(inherited)",
					/Users/adrianbedard/Desktop/Desktop/Work/Trakus/Trakus,
				);
				"OTHER_LDFLAGS[arch=*]" = "-ObjC";
				PRODUCT_NAME = "$(TARGET_NAME)";
				PROVISIONING_PROFILE = "";
				TARGETED_DEVICE_FAMILY = 1;
				WRAPPER_EXTENSION = app;
			};
			name = Release;
		};
		9C3801431800CC01009A79F7 /* Debug */ = {
			isa = XCBuildConfiguration;
			buildSettings = {
				ARCHS = "$(ARCHS_STANDARD_INCLUDING_64_BIT)";
				BUNDLE_LOADER = "$(BUILT_PRODUCTS_DIR)/Trakus.app/Trakus";
				FRAMEWORK_SEARCH_PATHS = (
					"$(SDKROOT)/Developer/Library/Frameworks",
					"$(inherited)",
					"$(DEVELOPER_FRAMEWORKS_DIR)",
				);
				GCC_PRECOMPILE_PREFIX_HEADER = YES;
				GCC_PREFIX_HEADER = "Trakus/Trakus-Prefix.pch";
				GCC_PREPROCESSOR_DEFINITIONS = (
					"DEBUG=1",
					"$(inherited)",
				);
				INFOPLIST_FILE = "TrakusTests/TrakusTests-Info.plist";
				PRODUCT_NAME = "$(TARGET_NAME)";
				TEST_HOST = "$(BUNDLE_LOADER)";
				WRAPPER_EXTENSION = xctest;
			};
			name = Debug;
		};
		9C3801441800CC01009A79F7 /* Release */ = {
			isa = XCBuildConfiguration;
			buildSettings = {
				ARCHS = "$(ARCHS_STANDARD_INCLUDING_64_BIT)";
				BUNDLE_LOADER = "$(BUILT_PRODUCTS_DIR)/Trakus.app/Trakus";
				FRAMEWORK_SEARCH_PATHS = (
					"$(SDKROOT)/Developer/Library/Frameworks",
					"$(inherited)",
					"$(DEVELOPER_FRAMEWORKS_DIR)",
				);
				GCC_PRECOMPILE_PREFIX_HEADER = YES;
				GCC_PREFIX_HEADER = "Trakus/Trakus-Prefix.pch";
				INFOPLIST_FILE = "TrakusTests/TrakusTests-Info.plist";
				PRODUCT_NAME = "$(TARGET_NAME)";
				TEST_HOST = "$(BUNDLE_LOADER)";
				WRAPPER_EXTENSION = xctest;
			};
			name = Release;
		};
/* End XCBuildConfiguration section */

/* Begin XCConfigurationList section */
		9C3801081800CC00009A79F7 /* Build configuration list for PBXProject "Trakus" */ = {
			isa = XCConfigurationList;
			buildConfigurations = (
				9C38013D1800CC01009A79F7 /* Debug */,
				9C38013E1800CC01009A79F7 /* Release */,
			);
			defaultConfigurationIsVisible = 0;
			defaultConfigurationName = Release;
		};
		9C38013F1800CC01009A79F7 /* Build configuration list for PBXNativeTarget "Trakus" */ = {
			isa = XCConfigurationList;
			buildConfigurations = (
				9C3801401800CC01009A79F7 /* Debug */,
				9C3801411800CC01009A79F7 /* Release */,
			);
			defaultConfigurationIsVisible = 0;
			defaultConfigurationName = Release;
		};
		9C3801421800CC01009A79F7 /* Build configuration list for PBXNativeTarget "TrakusTests" */ = {
			isa = XCConfigurationList;
			buildConfigurations = (
				9C3801431800CC01009A79F7 /* Debug */,
				9C3801441800CC01009A79F7 /* Release */,
			);
			defaultConfigurationIsVisible = 0;
			defaultConfigurationName = Release;
		};
/* End XCConfigurationList section */
	};
	rootObject = 9C3801051800CC00009A79F7 /* Project object */;
}
